
Microsoft Visual Studio Solution File, Format Version 12.00
# Visual Studio Version 16
VisualStudioVersion = 16.0.32802.440
MinimumVisualStudioVersion = 10.0.40219.1
Project("{FAE04EC0-301F-11D3-BF4B-00C04F79EFBC}") = "paup_2023", "paup_2023\paup_2023.csproj", "{3FE069FA-9615-433D-B1EE-DFBCF717C5AD}"
EndProject
Global
	GlobalSection(SolutionConfigurationPlatforms) = preSolution
		Debug|Any CPU = Debug|Any CPU
		Release|Any CPU = Release|Any CPU
	EndGlobalSection
	GlobalSection(ProjectConfigurationPlatforms) = postSolution
		{3FE069FA-9615-433D-B1EE-DFBCF717C5AD}.Debug|Any CPU.ActiveCfg = Debug|Any CPU
		{3FE069FA-9615-433D-B1EE-DFBCF717C5AD}.Debug|Any CPU.Build.0 = Debug|Any CPU
		{3FE069FA-9615-433D-B1EE-DFBCF717C5AD}.Release|Any CPU.ActiveCfg = Release|Any CPU
		{3FE069FA-9615-433D-B1EE-DFBCF717C5AD}.Release|Any CPU.Build.0 = Release|Any CPU
	EndGlobalSection
	GlobalSection(SolutionProperties) = preSolution
		HideSolutionNode = FALSE
	EndGlobalSection
	GlobalSection(ExtensibilityGlobals) = postSolution
		SolutionGuid = {15054E0A-A0F4-49E9-A2CA-60C65F4CD249}
	EndGlobalSection
EndGlobal
